
Microsoft Visual Studio Solution File, Format Version 12.00
# Visual Studio Version 17
VisualStudioVersion = 17.11.35312.102
MinimumVisualStudioVersion = 10.0.40219.1
Project("{FAE04EC0-301F-11D3-BF4B-00C04F79EFBC}") = "MusiciansAppV2", "MusiciansAppV2\MusiciansAppV2.csproj", "{A8644B4B-1D68-478C-8E22-DF798144BCD8}"
EndProject
Global
	GlobalSection(SolutionConfigurationPlatforms) = preSolution
		Debug|Any CPU = Debug|Any CPU
		Release|Any CPU = Release|Any CPU
	EndGlobalSection
	GlobalSection(ProjectConfigurationPlatforms) = postSolution
		{A8644B4B-1D68-478C-8E22-DF798144BCD8}.Debug|Any CPU.ActiveCfg = Debug|Any CPU
		{A8644B4B-1D68-478C-8E22-DF798144BCD8}.Debug|Any CPU.Build.0 = Debug|Any CPU
		{A8644B4B-1D68-478C-8E22-DF798144BCD8}.Release|Any CPU.ActiveCfg = Release|Any CPU
		{A8644B4B-1D68-478C-8E22-DF798144BCD8}.Release|Any CPU.Build.0 = Release|Any CPU
	EndGlobalSection
	GlobalSection(SolutionProperties) = preSolution
		HideSolutionNode = FALSE
	EndGlobalSection
	GlobalSection(ExtensibilityGlobals) = postSolution
		SolutionGuid = {7418C44B-1CB5-4039-B353-0EC3FB5BE1FD}
	EndGlobalSection
EndGlobal
